
Microsoft Visual Studio Solution File, Format Version 12.00
# Visual Studio 15
VisualStudioVersion = 15.0.28307.1259
MinimumVisualStudioVersion = 10.0.40219.1
Project("{FAE04EC0-301F-11D3-BF4B-00C04F79EFBC}") = "BurningCorpse", "BurningCorpse.csproj", "{BC069C26-358E-4303-8066-0E55AAEF9167}"
EndProject
Global
	GlobalSection(SolutionConfigurationPlatforms) = preSolution
		Debug|Any CPU = Debug|Any CPU
		Release|Any CPU = Release|Any CPU
	EndGlobalSection
	GlobalSection(ProjectConfigurationPlatforms) = postSolution
		{BC069C26-358E-4303-8066-0E55AAEF9167}.Debug|Any CPU.ActiveCfg = Debug|Any CPU
		{BC069C26-358E-4303-8066-0E55AAEF9167}.Debug|Any CPU.Build.0 = Debug|Any CPU
		{BC069C26-358E-4303-8066-0E55AAEF9167}.Release|Any CPU.ActiveCfg = Release|Any CPU
		{BC069C26-358E-4303-8066-0E55AAEF9167}.Release|Any CPU.Build.0 = Release|Any CPU
	EndGlobalSection
	GlobalSection(SolutionProperties) = preSolution
		HideSolutionNode = FALSE
	EndGlobalSection
	GlobalSection(ExtensibilityGlobals) = postSolution
		SolutionGuid = {32E72B37-7947-419B-A015-315EB4477DF6}
	EndGlobalSection
EndGlobal
